{
  "name": "leafdemo",
  "version": "1.0.0",
  "lockfileVersion": 1,
  "requires": true,
  "dependencies": {
    "jquery": {
      "version": "3.6.1",
      "resolved": "https://registry.npmjs.org/jquery/-/jquery-3.6.1.tgz",
      "integrity": "sha512-opJeO4nCucVnsjiXOE+/PcCgYw9Gwpvs/a6B1LL/lQhwWwpbVEVYDZ1FokFr8PRc7ghYlrFPuyHuiiDNTQxmcw=="
    },
    "leaflet": {
      "version": "1.9.2",
      "resolved": "https://registry.npmjs.org/leaflet/-/leaflet-1.9.2.tgz",
      "integrity": "sha512-Kc77HQvWO+y9y2oIs3dn5h5sy2kr3j41ewdqCMEUA4N89lgfUUfOBy7wnnHEstDpefiGFObq12FdopGRMx4J7g=="
    },
    "leaflet-groupedlayercontrol": {
      "version": "0.6.1",
      "resolved": "https://registry.npmjs.org/leaflet-groupedlayercontrol/-/leaflet-groupedlayercontrol-0.6.1.tgz",
      "integrity": "sha512-xkGeH6ygcryFQI0FUWn6Bz93zlwrOSpeXgJQ3jLRoUQJ5h/Qgrz+GqR9nhBFfikjUKtC1sCKL3eDR9wNTWhLlA==",
      "requires": {
        "leaflet": "^1.0.1"
      }
    },
    "leaflet-moving-marker": {
      "version": "0.3.0",
      "resolved": "https://registry.npmjs.org/leaflet-moving-marker/-/leaflet-moving-marker-0.3.0.tgz",
      "integrity": "sha512-RgPAHt1ZErkiu3U2EuG522IAJIUwite35mgJ6bWZ2XvWkiaNnoAPQrr9OdpnU3Mu5Rl/aUtVKtibfxz6orda7Q=="
    },
    "leaflet.markercluster": {
      "version": "1.5.3",
      "resolved": "https://registry.npmjs.org/leaflet.markercluster/-/leaflet.markercluster-1.5.3.tgz",
      "integrity": "sha512-vPTw/Bndq7eQHjLBVlWpnGeLa3t+3zGiuM7fJwCkiMFq+nmRuG3RI3f7f4N4TDX7T4NpbAXpR2+NTRSEGfCSeA=="
    }
  }
}
